
Microsoft Visual Studio Solution File, Format Version 11.00
# Visual Studio 2010
Project("{FAE04EC0-301F-11D3-BF4B-00C04F79EFBC}") = "1_01.BasicBasic", "1_01.BasicBasic\1_01.BasicBasic.csproj", "{3EB04C61-F04F-4916-A48F-2C552A75A0E7}"
EndProject
Project("{FAE04EC0-301F-11D3-BF4B-00C04F79EFBC}") = "1_02.Crossword", "1_02.Crossword\1_02.Crossword.csproj", "{2D544878-0285-4F1B-B2FA-2D1105A14FF3}"
EndProject
Project("{FAE04EC0-301F-11D3-BF4B-00C04F79EFBC}") = "1_03.Indices", "1_03.Indices\1_03.Indices.csproj", "{8F1D6F8D-132A-4CBD-B0DE-F1771B8E37C1}"
EndProject
Global
	GlobalSection(SolutionConfigurationPlatforms) = preSolution
		Debug|x86 = Debug|x86
		Release|x86 = Release|x86
	EndGlobalSection
	GlobalSection(ProjectConfigurationPlatforms) = postSolution
		{3EB04C61-F04F-4916-A48F-2C552A75A0E7}.Debug|x86.ActiveCfg = Debug|x86
		{3EB04C61-F04F-4916-A48F-2C552A75A0E7}.Debug|x86.Build.0 = Debug|x86
		{3EB04C61-F04F-4916-A48F-2C552A75A0E7}.Release|x86.ActiveCfg = Release|x86
		{3EB04C61-F04F-4916-A48F-2C552A75A0E7}.Release|x86.Build.0 = Release|x86
		{2D544878-0285-4F1B-B2FA-2D1105A14FF3}.Debug|x86.ActiveCfg = Debug|x86
		{2D544878-0285-4F1B-B2FA-2D1105A14FF3}.Debug|x86.Build.0 = Debug|x86
		{2D544878-0285-4F1B-B2FA-2D1105A14FF3}.Release|x86.ActiveCfg = Release|x86
		{2D544878-0285-4F1B-B2FA-2D1105A14FF3}.Release|x86.Build.0 = Release|x86
		{8F1D6F8D-132A-4CBD-B0DE-F1771B8E37C1}.Debug|x86.ActiveCfg = Debug|x86
		{8F1D6F8D-132A-4CBD-B0DE-F1771B8E37C1}.Debug|x86.Build.0 = Debug|x86
		{8F1D6F8D-132A-4CBD-B0DE-F1771B8E37C1}.Release|x86.ActiveCfg = Release|x86
		{8F1D6F8D-132A-4CBD-B0DE-F1771B8E37C1}.Release|x86.Build.0 = Release|x86
	EndGlobalSection
	GlobalSection(SolutionProperties) = preSolution
		HideSolutionNode = FALSE
	EndGlobalSection
EndGlobal
