
Microsoft Visual Studio Solution File, Format Version 12.00
# Visual Studio 2012
Project("{FAE04EC0-301F-11D3-BF4B-00C04F79EFBC}") = "01.World.Client", "01.World.Client\01.World.Client.csproj", "{449FE250-5EFA-4DB1-A968-08F8B6173810}"
EndProject
Project("{FAE04EC0-301F-11D3-BF4B-00C04F79EFBC}") = "World.Data", "World.Data\World.Data.csproj", "{D61A2CE7-4DB7-4157-AB2B-84ADB954EC59}"
EndProject
Global
	GlobalSection(SolutionConfigurationPlatforms) = preSolution
		Debug|Any CPU = Debug|Any CPU
		Release|Any CPU = Release|Any CPU
	EndGlobalSection
	GlobalSection(ProjectConfigurationPlatforms) = postSolution
		{449FE250-5EFA-4DB1-A968-08F8B6173810}.Debug|Any CPU.ActiveCfg = Debug|Any CPU
		{449FE250-5EFA-4DB1-A968-08F8B6173810}.Debug|Any CPU.Build.0 = Debug|Any CPU
		{449FE250-5EFA-4DB1-A968-08F8B6173810}.Release|Any CPU.ActiveCfg = Release|Any CPU
		{449FE250-5EFA-4DB1-A968-08F8B6173810}.Release|Any CPU.Build.0 = Release|Any CPU
		{D61A2CE7-4DB7-4157-AB2B-84ADB954EC59}.Debug|Any CPU.ActiveCfg = Debug|Any CPU
		{D61A2CE7-4DB7-4157-AB2B-84ADB954EC59}.Debug|Any CPU.Build.0 = Debug|Any CPU
		{D61A2CE7-4DB7-4157-AB2B-84ADB954EC59}.Release|Any CPU.ActiveCfg = Release|Any CPU
		{D61A2CE7-4DB7-4157-AB2B-84ADB954EC59}.Release|Any CPU.Build.0 = Release|Any CPU
	EndGlobalSection
	GlobalSection(SolutionProperties) = preSolution
		HideSolutionNode = FALSE
	EndGlobalSection
EndGlobal
