
Microsoft Visual Studio Solution File, Format Version 11.00
# Visual Studio 2010
Project("{FAE04EC0-301F-11D3-BF4B-00C04F79EFBC}") = "01.Passwords", "01.Passwords\01.Passwords.csproj", "{5131E6F1-211E-41F6-B765-F6DEB9403C01}"
EndProject
Project("{FAE04EC0-301F-11D3-BF4B-00C04F79EFBC}") = "02.ColorfulRabits", "02.ColorfulRabits\02.ColorfulRabits.csproj", "{A47E7C48-D5F7-4034-B651-473168366E8C}"
EndProject
Project("{FAE04EC0-301F-11D3-BF4B-00C04F79EFBC}") = "03.Devidors", "03.Devidors\03.Devidors.csproj", "{C50DB184-D742-4977-B553-C4B1C7595BA3}"
EndProject
Global
	GlobalSection(SolutionConfigurationPlatforms) = preSolution
		Debug|x86 = Debug|x86
		Release|x86 = Release|x86
	EndGlobalSection
	GlobalSection(ProjectConfigurationPlatforms) = postSolution
		{5131E6F1-211E-41F6-B765-F6DEB9403C01}.Debug|x86.ActiveCfg = Debug|x86
		{5131E6F1-211E-41F6-B765-F6DEB9403C01}.Debug|x86.Build.0 = Debug|x86
		{5131E6F1-211E-41F6-B765-F6DEB9403C01}.Release|x86.ActiveCfg = Release|x86
		{5131E6F1-211E-41F6-B765-F6DEB9403C01}.Release|x86.Build.0 = Release|x86
		{A47E7C48-D5F7-4034-B651-473168366E8C}.Debug|x86.ActiveCfg = Debug|x86
		{A47E7C48-D5F7-4034-B651-473168366E8C}.Debug|x86.Build.0 = Debug|x86
		{A47E7C48-D5F7-4034-B651-473168366E8C}.Release|x86.ActiveCfg = Release|x86
		{A47E7C48-D5F7-4034-B651-473168366E8C}.Release|x86.Build.0 = Release|x86
		{C50DB184-D742-4977-B553-C4B1C7595BA3}.Debug|x86.ActiveCfg = Debug|x86
		{C50DB184-D742-4977-B553-C4B1C7595BA3}.Debug|x86.Build.0 = Debug|x86
		{C50DB184-D742-4977-B553-C4B1C7595BA3}.Release|x86.ActiveCfg = Release|x86
		{C50DB184-D742-4977-B553-C4B1C7595BA3}.Release|x86.Build.0 = Release|x86
	EndGlobalSection
	GlobalSection(SolutionProperties) = preSolution
		HideSolutionNode = FALSE
	EndGlobalSection
EndGlobal
