
Microsoft Visual Studio Solution File, Format Version 12.00
# Visual Studio 2012
Project("{FAE04EC0-301F-11D3-BF4B-00C04F79EFBC}") = "OnlineBanking.Models", "OnlineBanking.Models\OnlineBanking.Models.csproj", "{0951FEC0-0031-4D8A-8A50-8F29565D7555}"
EndProject
Project("{FAE04EC0-301F-11D3-BF4B-00C04F79EFBC}") = "OnlineBanking.Context", "OnlineBanking.Context\OnlineBanking.Context.csproj", "{FDA41943-2CB4-4410-8E1E-4B46EFF301F9}"
EndProject
Project("{FAE04EC0-301F-11D3-BF4B-00C04F79EFBC}") = "DatabaseInitializer", "DatabaseInitializer\DatabaseInitializer.csproj", "{3A0ACBF7-395C-462A-868C-BD8E0B3E7895}"
EndProject
Project("{FAE04EC0-301F-11D3-BF4B-00C04F79EFBC}") = "OnlineBanking.WebApi", "OnlineBanking.WebApi\OnlineBanking.WebApi.csproj", "{72A96F8D-8529-4C48-9F63-FFFE4F0A269F}"
EndProject
Project("{2150E333-8FDC-42A3-9474-1A3956D46DE8}") = ".nuget", ".nuget", "{78BAFE22-4BBB-4A60-9E48-67FA57F9C470}"
	ProjectSection(SolutionItems) = preProject
		.nuget\NuGet.Config = .nuget\NuGet.Config
		.nuget\NuGet.exe = .nuget\NuGet.exe
		.nuget\NuGet.targets = .nuget\NuGet.targets
	EndProjectSection
EndProject
Global
	GlobalSection(SolutionConfigurationPlatforms) = preSolution
		Debug|Any CPU = Debug|Any CPU
		Release|Any CPU = Release|Any CPU
	EndGlobalSection
	GlobalSection(ProjectConfigurationPlatforms) = postSolution
		{0951FEC0-0031-4D8A-8A50-8F29565D7555}.Debug|Any CPU.ActiveCfg = Debug|Any CPU
		{0951FEC0-0031-4D8A-8A50-8F29565D7555}.Debug|Any CPU.Build.0 = Debug|Any CPU
		{0951FEC0-0031-4D8A-8A50-8F29565D7555}.Release|Any CPU.ActiveCfg = Release|Any CPU
		{0951FEC0-0031-4D8A-8A50-8F29565D7555}.Release|Any CPU.Build.0 = Release|Any CPU
		{FDA41943-2CB4-4410-8E1E-4B46EFF301F9}.Debug|Any CPU.ActiveCfg = Debug|Any CPU
		{FDA41943-2CB4-4410-8E1E-4B46EFF301F9}.Debug|Any CPU.Build.0 = Debug|Any CPU
		{FDA41943-2CB4-4410-8E1E-4B46EFF301F9}.Release|Any CPU.ActiveCfg = Release|Any CPU
		{FDA41943-2CB4-4410-8E1E-4B46EFF301F9}.Release|Any CPU.Build.0 = Release|Any CPU
		{3A0ACBF7-395C-462A-868C-BD8E0B3E7895}.Debug|Any CPU.ActiveCfg = Debug|Any CPU
		{3A0ACBF7-395C-462A-868C-BD8E0B3E7895}.Debug|Any CPU.Build.0 = Debug|Any CPU
		{3A0ACBF7-395C-462A-868C-BD8E0B3E7895}.Release|Any CPU.ActiveCfg = Release|Any CPU
		{3A0ACBF7-395C-462A-868C-BD8E0B3E7895}.Release|Any CPU.Build.0 = Release|Any CPU
		{72A96F8D-8529-4C48-9F63-FFFE4F0A269F}.Debug|Any CPU.ActiveCfg = Debug|Any CPU
		{72A96F8D-8529-4C48-9F63-FFFE4F0A269F}.Debug|Any CPU.Build.0 = Debug|Any CPU
		{72A96F8D-8529-4C48-9F63-FFFE4F0A269F}.Release|Any CPU.ActiveCfg = Release|Any CPU
		{72A96F8D-8529-4C48-9F63-FFFE4F0A269F}.Release|Any CPU.Build.0 = Release|Any CPU
	EndGlobalSection
	GlobalSection(SolutionProperties) = preSolution
		HideSolutionNode = FALSE
	EndGlobalSection
EndGlobal
