
Microsoft Visual Studio Solution File, Format Version 12.00
# Visual Studio 2012
Project("{FAE04EC0-301F-11D3-BF4B-00C04F79EFBC}") = "Twitter.Client", "Twitter.Client\Twitter.Client.csproj", "{7BAB1867-55CC-4531-9745-AF2558887832}"
EndProject
Project("{FAE04EC0-301F-11D3-BF4B-00C04F79EFBC}") = "Twitter.Models", "Twitter.Models\Twitter.Models.csproj", "{1BAFE7A1-D85F-429B-9307-BCDD4A40FCD2}"
EndProject
Project("{FAE04EC0-301F-11D3-BF4B-00C04F79EFBC}") = "Twitter.Data", "Twitter.Data\Twitter.Data.csproj", "{0A4644D9-123B-46B0-8591-234D335B9158}"
EndProject
Global
	GlobalSection(SolutionConfigurationPlatforms) = preSolution
		Debug|Any CPU = Debug|Any CPU
		Release|Any CPU = Release|Any CPU
	EndGlobalSection
	GlobalSection(ProjectConfigurationPlatforms) = postSolution
		{7BAB1867-55CC-4531-9745-AF2558887832}.Debug|Any CPU.ActiveCfg = Debug|Any CPU
		{7BAB1867-55CC-4531-9745-AF2558887832}.Debug|Any CPU.Build.0 = Debug|Any CPU
		{7BAB1867-55CC-4531-9745-AF2558887832}.Release|Any CPU.ActiveCfg = Release|Any CPU
		{7BAB1867-55CC-4531-9745-AF2558887832}.Release|Any CPU.Build.0 = Release|Any CPU
		{1BAFE7A1-D85F-429B-9307-BCDD4A40FCD2}.Debug|Any CPU.ActiveCfg = Debug|Any CPU
		{1BAFE7A1-D85F-429B-9307-BCDD4A40FCD2}.Debug|Any CPU.Build.0 = Debug|Any CPU
		{1BAFE7A1-D85F-429B-9307-BCDD4A40FCD2}.Release|Any CPU.ActiveCfg = Release|Any CPU
		{1BAFE7A1-D85F-429B-9307-BCDD4A40FCD2}.Release|Any CPU.Build.0 = Release|Any CPU
		{0A4644D9-123B-46B0-8591-234D335B9158}.Debug|Any CPU.ActiveCfg = Debug|Any CPU
		{0A4644D9-123B-46B0-8591-234D335B9158}.Debug|Any CPU.Build.0 = Debug|Any CPU
		{0A4644D9-123B-46B0-8591-234D335B9158}.Release|Any CPU.ActiveCfg = Release|Any CPU
		{0A4644D9-123B-46B0-8591-234D335B9158}.Release|Any CPU.Build.0 = Release|Any CPU
	EndGlobalSection
	GlobalSection(SolutionProperties) = preSolution
		HideSolutionNode = FALSE
	EndGlobalSection
EndGlobal
