
Microsoft Visual Studio Solution File, Format Version 11.00
# Visual Studio 2010
Project("{FAE04EC0-301F-11D3-BF4B-00C04F79EFBC}") = "01.Knapsack", "01.Knapsack\01.Knapsack.csproj", "{1A18FDC6-67F9-477D-8429-49242EB0033B}"
EndProject
Project("{FAE04EC0-301F-11D3-BF4B-00C04F79EFBC}") = "02.MinumumEditDistance", "02.MinumumEditDistance\02.MinumumEditDistance.csproj", "{BD9A93C5-49F4-484D-B03A-1E4A474B2C99}"
EndProject
Global
	GlobalSection(SolutionConfigurationPlatforms) = preSolution
		Debug|x86 = Debug|x86
		Release|x86 = Release|x86
	EndGlobalSection
	GlobalSection(ProjectConfigurationPlatforms) = postSolution
		{1A18FDC6-67F9-477D-8429-49242EB0033B}.Debug|x86.ActiveCfg = Debug|x86
		{1A18FDC6-67F9-477D-8429-49242EB0033B}.Debug|x86.Build.0 = Debug|x86
		{1A18FDC6-67F9-477D-8429-49242EB0033B}.Release|x86.ActiveCfg = Release|x86
		{1A18FDC6-67F9-477D-8429-49242EB0033B}.Release|x86.Build.0 = Release|x86
		{BD9A93C5-49F4-484D-B03A-1E4A474B2C99}.Debug|x86.ActiveCfg = Debug|x86
		{BD9A93C5-49F4-484D-B03A-1E4A474B2C99}.Debug|x86.Build.0 = Debug|x86
		{BD9A93C5-49F4-484D-B03A-1E4A474B2C99}.Release|x86.ActiveCfg = Release|x86
		{BD9A93C5-49F4-484D-B03A-1E4A474B2C99}.Release|x86.Build.0 = Release|x86
	EndGlobalSection
	GlobalSection(SolutionProperties) = preSolution
		HideSolutionNode = FALSE
	EndGlobalSection
EndGlobal
