
Microsoft Visual Studio Solution File, Format Version 11.00
# Visual Studio 2010
Project("{FAE04EC0-301F-11D3-BF4B-00C04F79EFBC}") = "QualityCode", "QualityCode\QualityCode.csproj", "{3B0AEE36-F45B-4896-8728-7B4CD16A79DE}"
EndProject
Global
	GlobalSection(SolutionConfigurationPlatforms) = preSolution
		Debug|x86 = Debug|x86
		Release|x86 = Release|x86
	EndGlobalSection
	GlobalSection(ProjectConfigurationPlatforms) = postSolution
		{3B0AEE36-F45B-4896-8728-7B4CD16A79DE}.Debug|x86.ActiveCfg = Debug|x86
		{3B0AEE36-F45B-4896-8728-7B4CD16A79DE}.Debug|x86.Build.0 = Debug|x86
		{3B0AEE36-F45B-4896-8728-7B4CD16A79DE}.Release|x86.ActiveCfg = Release|x86
		{3B0AEE36-F45B-4896-8728-7B4CD16A79DE}.Release|x86.Build.0 = Release|x86
	EndGlobalSection
	GlobalSection(SolutionProperties) = preSolution
		HideSolutionNode = FALSE
	EndGlobalSection
EndGlobal
