
Microsoft Visual Studio Solution File, Format Version 12.00
# Visual Studio 2012
Project("{FAE04EC0-301F-11D3-BF4B-00C04F79EFBC}") = "Forum.Services", "Forum.Services\Forum.Services.csproj", "{807D8CBF-D5A6-4987-9C6C-C6FE4CF5D245}"
EndProject
Project("{FAE04EC0-301F-11D3-BF4B-00C04F79EFBC}") = "Forum.Data", "Forum.Data\Forum.Data.csproj", "{D3B740BB-4A9B-4488-BD13-604062D869C3}"
EndProject
Project("{FAE04EC0-301F-11D3-BF4B-00C04F79EFBC}") = "Forum.Client", "Forum.Client\Forum.Client.csproj", "{0F987165-9DE3-4914-AE7F-998C6A0AB55E}"
EndProject
Global
	GlobalSection(SolutionConfigurationPlatforms) = preSolution
		Debug|Any CPU = Debug|Any CPU
		Release|Any CPU = Release|Any CPU
	EndGlobalSection
	GlobalSection(ProjectConfigurationPlatforms) = postSolution
		{807D8CBF-D5A6-4987-9C6C-C6FE4CF5D245}.Debug|Any CPU.ActiveCfg = Debug|Any CPU
		{807D8CBF-D5A6-4987-9C6C-C6FE4CF5D245}.Debug|Any CPU.Build.0 = Debug|Any CPU
		{807D8CBF-D5A6-4987-9C6C-C6FE4CF5D245}.Release|Any CPU.ActiveCfg = Release|Any CPU
		{807D8CBF-D5A6-4987-9C6C-C6FE4CF5D245}.Release|Any CPU.Build.0 = Release|Any CPU
		{D3B740BB-4A9B-4488-BD13-604062D869C3}.Debug|Any CPU.ActiveCfg = Debug|Any CPU
		{D3B740BB-4A9B-4488-BD13-604062D869C3}.Debug|Any CPU.Build.0 = Debug|Any CPU
		{D3B740BB-4A9B-4488-BD13-604062D869C3}.Release|Any CPU.ActiveCfg = Release|Any CPU
		{D3B740BB-4A9B-4488-BD13-604062D869C3}.Release|Any CPU.Build.0 = Release|Any CPU
		{0F987165-9DE3-4914-AE7F-998C6A0AB55E}.Debug|Any CPU.ActiveCfg = Debug|Any CPU
		{0F987165-9DE3-4914-AE7F-998C6A0AB55E}.Debug|Any CPU.Build.0 = Debug|Any CPU
		{0F987165-9DE3-4914-AE7F-998C6A0AB55E}.Release|Any CPU.ActiveCfg = Release|Any CPU
		{0F987165-9DE3-4914-AE7F-998C6A0AB55E}.Release|Any CPU.Build.0 = Release|Any CPU
	EndGlobalSection
	GlobalSection(SolutionProperties) = preSolution
		HideSolutionNode = FALSE
	EndGlobalSection
EndGlobal
