
Microsoft Visual Studio Solution File, Format Version 12.00
# Visual Studio 2012
Project("{FAE04EC0-301F-11D3-BF4B-00C04F79EFBC}") = "02.Calculator", "02.Calculator\02.Calculator.csproj", "{4DE938FE-5ED1-4E40-9D01-F0B034DB6464}"
EndProject
Project("{FAE04EC0-301F-11D3-BF4B-00C04F79EFBC}") = "03.CustomProject", "03.CustomProject\03.CustomProject.csproj", "{EAAF4419-843A-4837-A752-E23CDCE41358}"
EndProject
Global
	GlobalSection(SolutionConfigurationPlatforms) = preSolution
		Debug|Any CPU = Debug|Any CPU
		Release|Any CPU = Release|Any CPU
	EndGlobalSection
	GlobalSection(ProjectConfigurationPlatforms) = postSolution
		{4DE938FE-5ED1-4E40-9D01-F0B034DB6464}.Debug|Any CPU.ActiveCfg = Debug|Any CPU
		{4DE938FE-5ED1-4E40-9D01-F0B034DB6464}.Debug|Any CPU.Build.0 = Debug|Any CPU
		{4DE938FE-5ED1-4E40-9D01-F0B034DB6464}.Release|Any CPU.ActiveCfg = Release|Any CPU
		{4DE938FE-5ED1-4E40-9D01-F0B034DB6464}.Release|Any CPU.Build.0 = Release|Any CPU
		{EAAF4419-843A-4837-A752-E23CDCE41358}.Debug|Any CPU.ActiveCfg = Debug|Any CPU
		{EAAF4419-843A-4837-A752-E23CDCE41358}.Debug|Any CPU.Build.0 = Debug|Any CPU
		{EAAF4419-843A-4837-A752-E23CDCE41358}.Release|Any CPU.ActiveCfg = Release|Any CPU
		{EAAF4419-843A-4837-A752-E23CDCE41358}.Release|Any CPU.Build.0 = Release|Any CPU
	EndGlobalSection
	GlobalSection(SolutionProperties) = preSolution
		HideSolutionNode = FALSE
	EndGlobalSection
EndGlobal
